// !$*UTF8*$!
{
	archiveVersion = 1;
	classes = {
	};
	objectVersion = 56;
	objects = {

/* Begin PBXBuildFile section */
		3DFFB0752BE532B6008D71CC /* MovieDBFavSwiftUIApp.swift in Sources */ = {isa = PBXBuildFile; fileRef = 3DFFB0742BE532B6008D71CC /* MovieDBFavSwiftUIApp.swift */; };
		3DFFB0772BE532B6008D71CC /* MovieDBTabView.swift in Sources */ = {isa = PBXBuildFile; fileRef = 3DFFB0762BE532B6008D71CC /* MovieDBTabView.swift */; };
		3DFFB0792BE532B8008D71CC /* Assets.xcassets in Resources */ = {isa = PBXBuildFile; fileRef = 3DFFB0782BE532B8008D71CC /* Assets.xcassets */; };
		3DFFB07C2BE532B8008D71CC /* Preview Assets.xcassets in Resources */ = {isa = PBXBuildFile; fileRef = 3DFFB07B2BE532B8008D71CC /* Preview Assets.xcassets */; };
		3DFFB0872BE54ED3008D71CC /* Movie.swift in Sources */ = {isa = PBXBuildFile; fileRef = 3DFFB0862BE54ED3008D71CC /* Movie.swift */; };
		3DFFB0892BE551CF008D71CC /* MovieListView.swift in Sources */ = {isa = PBXBuildFile; fileRef = 3DFFB0882BE551CF008D71CC /* MovieListView.swift */; };
		3DFFB08B2BE55222008D71CC /* FavoriteMovieListView.swift in Sources */ = {isa = PBXBuildFile; fileRef = 3DFFB08A2BE55222008D71CC /* FavoriteMovieListView.swift */; };
		3DFFB08D2BE55234008D71CC /* MovieDetailView.swift in Sources */ = {isa = PBXBuildFile; fileRef = 3DFFB08C2BE55234008D71CC /* MovieDetailView.swift */; };
		3DFFB0932BE55BCF008D71CC /* Date+Ext.swift in Sources */ = {isa = PBXBuildFile; fileRef = 3DFFB0922BE55BCF008D71CC /* Date+Ext.swift */; };
		3DFFB0952BE56005008D71CC /* MovieListViewCell.swift in Sources */ = {isa = PBXBuildFile; fileRef = 3DFFB0942BE56005008D71CC /* MovieListViewCell.swift */; };
		3DFFB0992BE56D37008D71CC /* NetworkManager.swift in Sources */ = {isa = PBXBuildFile; fileRef = 3DFFB0982BE56D37008D71CC /* NetworkManager.swift */; };
		3DFFB09B2BE5735A008D71CC /* MovieListViewModel.swift in Sources */ = {isa = PBXBuildFile; fileRef = 3DFFB09A2BE5735A008D71CC /* MovieListViewModel.swift */; };
		3DFFB0A02BE57597008D71CC /* LoadingView.swift in Sources */ = {isa = PBXBuildFile; fileRef = 3DFFB09F2BE57597008D71CC /* LoadingView.swift */; };
		3DFFB0A42BE5764A008D71CC /* EmptyStateView.swift in Sources */ = {isa = PBXBuildFile; fileRef = 3DFFB0A32BE5764A008D71CC /* EmptyStateView.swift */; };
		3DFFB0A62BE57CBE008D71CC /* AlertItem.swift in Sources */ = {isa = PBXBuildFile; fileRef = 3DFFB0A52BE57CBE008D71CC /* AlertItem.swift */; };
		3DFFB0AB2BE65A9A008D71CC /* NoMoviesFound.swift in Sources */ = {isa = PBXBuildFile; fileRef = 3DFFB0AA2BE65A9A008D71CC /* NoMoviesFound.swift */; };
		3DFFB0AE2BE661D9008D71CC /* LogoImageView.swift in Sources */ = {isa = PBXBuildFile; fileRef = 3DFFB0AD2BE661D9008D71CC /* LogoImageView.swift */; };
		3DFFB0B02BE665B8008D71CC /* MovieDetailViewModel.swift in Sources */ = {isa = PBXBuildFile; fileRef = 3DFFB0AF2BE665B8008D71CC /* MovieDetailViewModel.swift */; };
		3DFFB0B32BE66A88008D71CC /* PosterImageView.swift in Sources */ = {isa = PBXBuildFile; fileRef = 3DFFB0B22BE66A88008D71CC /* PosterImageView.swift */; };
		3DFFB0B52BE68401008D71CC /* Genre.swift in Sources */ = {isa = PBXBuildFile; fileRef = 3DFFB0B42BE68401008D71CC /* Genre.swift */; };
		3DFFB0B72BE69160008D71CC /* PersistenceManager.swift in Sources */ = {isa = PBXBuildFile; fileRef = 3DFFB0B62BE69160008D71CC /* PersistenceManager.swift */; };
/* End PBXBuildFile section */

/* Begin PBXFileReference section */
		3DFFB0712BE532B6008D71CC /* MovieDBFavSwiftUI.app */ = {isa = PBXFileReference; explicitFileType = wrapper.application; includeInIndex = 0; path = MovieDBFavSwiftUI.app; sourceTree = BUILT_PRODUCTS_DIR; };
		3DFFB0742BE532B6008D71CC /* MovieDBFavSwiftUIApp.swift */ = {isa = PBXFileReference; lastKnownFileType = sourcecode.swift; path = MovieDBFavSwiftUIApp.swift; sourceTree = "<group>"; };
		3DFFB0762BE532B6008D71CC /* MovieDBTabView.swift */ = {isa = PBXFileReference; lastKnownFileType = sourcecode.swift; path = MovieDBTabView.swift; sourceTree = "<group>"; };
		3DFFB0782BE532B8008D71CC /* Assets.xcassets */ = {isa = PBXFileReference; lastKnownFileType = folder.assetcatalog; path = Assets.xcassets; sourceTree = "<group>"; };
		3DFFB07B2BE532B8008D71CC /* Preview Assets.xcassets */ = {isa = PBXFileReference; lastKnownFileType = folder.assetcatalog; path = "Preview Assets.xcassets"; sourceTree = "<group>"; };
		3DFFB0862BE54ED3008D71CC /* Movie.swift */ = {isa = PBXFileReference; lastKnownFileType = sourcecode.swift; path = Movie.swift; sourceTree = "<group>"; };
		3DFFB0882BE551CF008D71CC /* MovieListView.swift */ = {isa = PBXFileReference; lastKnownFileType = sourcecode.swift; path = MovieListView.swift; sourceTree = "<group>"; };
		3DFFB08A2BE55222008D71CC /* FavoriteMovieListView.swift */ = {isa = PBXFileReference; lastKnownFileType = sourcecode.swift; path = FavoriteMovieListView.swift; sourceTree = "<group>"; };
		3DFFB08C2BE55234008D71CC /* MovieDetailView.swift */ = {isa = PBXFileReference; lastKnownFileType = sourcecode.swift; path = MovieDetailView.swift; sourceTree = "<group>"; };
		3DFFB0922BE55BCF008D71CC /* Date+Ext.swift */ = {isa = PBXFileReference; lastKnownFileType = sourcecode.swift; path = "Date+Ext.swift"; sourceTree = "<group>"; };
		3DFFB0942BE56005008D71CC /* MovieListViewCell.swift */ = {isa = PBXFileReference; lastKnownFileType = sourcecode.swift; path = MovieListViewCell.swift; sourceTree = "<group>"; };
		3DFFB0982BE56D37008D71CC /* NetworkManager.swift */ = {isa = PBXFileReference; lastKnownFileType = sourcecode.swift; path = NetworkManager.swift; sourceTree = "<group>"; };
		3DFFB09A2BE5735A008D71CC /* MovieListViewModel.swift */ = {isa = PBXFileReference; lastKnownFileType = sourcecode.swift; path = MovieListViewModel.swift; sourceTree = "<group>"; };
		3DFFB09F2BE57597008D71CC /* LoadingView.swift */ = {isa = PBXFileReference; lastKnownFileType = sourcecode.swift; path = LoadingView.swift; sourceTree = "<group>"; };
		3DFFB0A32BE5764A008D71CC /* EmptyStateView.swift */ = {isa = PBXFileReference; lastKnownFileType = sourcecode.swift; path = EmptyStateView.swift; sourceTree = "<group>"; };
		3DFFB0A52BE57CBE008D71CC /* AlertItem.swift */ = {isa = PBXFileReference; lastKnownFileType = sourcecode.swift; path = AlertItem.swift; sourceTree = "<group>"; };
		3DFFB0AA2BE65A9A008D71CC /* NoMoviesFound.swift */ = {isa = PBXFileReference; lastKnownFileType = sourcecode.swift; path = NoMoviesFound.swift; sourceTree = "<group>"; };
		3DFFB0AD2BE661D9008D71CC /* LogoImageView.swift */ = {isa = PBXFileReference; lastKnownFileType = sourcecode.swift; path = LogoImageView.swift; sourceTree = "<group>"; };
		3DFFB0AF2BE665B8008D71CC /* MovieDetailViewModel.swift */ = {isa = PBXFileReference; lastKnownFileType = sourcecode.swift; path = MovieDetailViewModel.swift; sourceTree = "<group>"; };
		3DFFB0B22BE66A88008D71CC /* PosterImageView.swift */ = {isa = PBXFileReference; lastKnownFileType = sourcecode.swift; path = PosterImageView.swift; sourceTree = "<group>"; };
		3DFFB0B42BE68401008D71CC /* Genre.swift */ = {isa = PBXFileReference; lastKnownFileType = sourcecode.swift; path = Genre.swift; sourceTree = "<group>"; };
		3DFFB0B62BE69160008D71CC /* PersistenceManager.swift */ = {isa = PBXFileReference; lastKnownFileType = sourcecode.swift; path = PersistenceManager.swift; sourceTree = "<group>"; };
/* End PBXFileReference section */

/* Begin PBXFrameworksBuildPhase section */
		3DFFB06E2BE532B6008D71CC /* Frameworks */ = {
			isa = PBXFrameworksBuildPhase;
			buildActionMask = 2147483647;
			files = (
			);
			runOnlyForDeploymentPostprocessing = 0;
		};
/* End PBXFrameworksBuildPhase section */

/* Begin PBXGroup section */
		3DFFB0682BE532B6008D71CC = {
			isa = PBXGroup;
			children = (
				3DFFB0732BE532B6008D71CC /* MovieDBFavSwiftUI */,
				3DFFB0722BE532B6008D71CC /* Products */,
			);
			sourceTree = "<group>";
		};
		3DFFB0722BE532B6008D71CC /* Products */ = {
			isa = PBXGroup;
			children = (
				3DFFB0712BE532B6008D71CC /* MovieDBFavSwiftUI.app */,
			);
			name = Products;
			sourceTree = "<group>";
		};
		3DFFB0732BE532B6008D71CC /* MovieDBFavSwiftUI */ = {
			isa = PBXGroup;
			children = (
				3DFFB0852BE54433008D71CC /* Utilities */,
				3DFFB0842BE5441A008D71CC /* Models */,
				3DFFB0832BE54414008D71CC /* Views */,
				3DFFB0822BE5440D008D71CC /* Screens */,
				3DFFB0742BE532B6008D71CC /* MovieDBFavSwiftUIApp.swift */,
				3DFFB0782BE532B8008D71CC /* Assets.xcassets */,
				3DFFB07A2BE532B8008D71CC /* Preview Content */,
			);
			path = MovieDBFavSwiftUI;
			sourceTree = "<group>";
		};
		3DFFB07A2BE532B8008D71CC /* Preview Content */ = {
			isa = PBXGroup;
			children = (
				3DFFB07B2BE532B8008D71CC /* Preview Assets.xcassets */,
			);
			path = "Preview Content";
			sourceTree = "<group>";
		};
		3DFFB0822BE5440D008D71CC /* Screens */ = {
			isa = PBXGroup;
			children = (
				3DFFB08E2BE5523B008D71CC /* MovieListView */,
				3DFFB08F2BE5524A008D71CC /* FavoriteMovieListView */,
				3DFFB0902BE55264008D71CC /* MovieDetailView */,
				3DFFB0762BE532B6008D71CC /* MovieDBTabView.swift */,
			);
			path = Screens;
			sourceTree = "<group>";
		};
		3DFFB0832BE54414008D71CC /* Views */ = {
			isa = PBXGroup;
			children = (
				3DFFB0B12BE66A70008D71CC /* PosterImage */,
				3DFFB0AC2BE661B1008D71CC /* LogoImage */,
				3DFFB09E2BE57577008D71CC /* LoadingViews */,
				3DFFB09D2BE5756F008D71CC /* EmptyStates */,
				3DFFB0962BE56695008D71CC /* Cells */,
			);
			path = Views;
			sourceTree = "<group>";
		};
		3DFFB0842BE5441A008D71CC /* Models */ = {
			isa = PBXGroup;
			children = (
				3DFFB0862BE54ED3008D71CC /* Movie.swift */,
				3DFFB0B42BE68401008D71CC /* Genre.swift */,
			);
			path = Models;
			sourceTree = "<group>";
		};
		3DFFB0852BE54433008D71CC /* Utilities */ = {
			isa = PBXGroup;
			children = (
				3DFFB0972BE56D10008D71CC /* Managers */,
				3DFFB0912BE55BAC008D71CC /* Extensions */,
				3DFFB0A52BE57CBE008D71CC /* AlertItem.swift */,
			);
			path = Utilities;
			sourceTree = "<group>";
		};
		3DFFB08E2BE5523B008D71CC /* MovieListView */ = {
			isa = PBXGroup;
			children = (
				3DFFB09A2BE5735A008D71CC /* MovieListViewModel.swift */,
				3DFFB0882BE551CF008D71CC /* MovieListView.swift */,
			);
			path = MovieListView;
			sourceTree = "<group>";
		};
		3DFFB08F2BE5524A008D71CC /* FavoriteMovieListView */ = {
			isa = PBXGroup;
			children = (
				3DFFB08A2BE55222008D71CC /* FavoriteMovieListView.swift */,
			);
			path = FavoriteMovieListView;
			sourceTree = "<group>";
		};
		3DFFB0902BE55264008D71CC /* MovieDetailView */ = {
			isa = PBXGroup;
			children = (
				3DFFB0AF2BE665B8008D71CC /* MovieDetailViewModel.swift */,
				3DFFB08C2BE55234008D71CC /* MovieDetailView.swift */,
			);
			path = MovieDetailView;
			sourceTree = "<group>";
		};
		3DFFB0912BE55BAC008D71CC /* Extensions */ = {
			isa = PBXGroup;
			children = (
				3DFFB0922BE55BCF008D71CC /* Date+Ext.swift */,
			);
			path = Extensions;
			sourceTree = "<group>";
		};
		3DFFB0962BE56695008D71CC /* Cells */ = {
			isa = PBXGroup;
			children = (
				3DFFB0942BE56005008D71CC /* MovieListViewCell.swift */,
			);
			path = Cells;
			sourceTree = "<group>";
		};
		3DFFB0972BE56D10008D71CC /* Managers */ = {
			isa = PBXGroup;
			children = (
				3DFFB0982BE56D37008D71CC /* NetworkManager.swift */,
				3DFFB0B62BE69160008D71CC /* PersistenceManager.swift */,
			);
			path = Managers;
			sourceTree = "<group>";
		};
		3DFFB09D2BE5756F008D71CC /* EmptyStates */ = {
			isa = PBXGroup;
			children = (
				3DFFB0A32BE5764A008D71CC /* EmptyStateView.swift */,
				3DFFB0AA2BE65A9A008D71CC /* NoMoviesFound.swift */,
			);
			path = EmptyStates;
			sourceTree = "<group>";
		};
		3DFFB09E2BE57577008D71CC /* LoadingViews */ = {
			isa = PBXGroup;
			children = (
				3DFFB09F2BE57597008D71CC /* LoadingView.swift */,
			);
			path = LoadingViews;
			sourceTree = "<group>";
		};
		3DFFB0AC2BE661B1008D71CC /* LogoImage */ = {
			isa = PBXGroup;
			children = (
				3DFFB0AD2BE661D9008D71CC /* LogoImageView.swift */,
			);
			path = LogoImage;
			sourceTree = "<group>";
		};
		3DFFB0B12BE66A70008D71CC /* PosterImage */ = {
			isa = PBXGroup;
			children = (
				3DFFB0B22BE66A88008D71CC /* PosterImageView.swift */,
			);
			path = PosterImage;
			sourceTree = "<group>";
		};
/* End PBXGroup section */

/* Begin PBXNativeTarget section */
		3DFFB0702BE532B6008D71CC /* MovieDBFavSwiftUI */ = {
			isa = PBXNativeTarget;
			buildConfigurationList = 3DFFB07F2BE532B8008D71CC /* Build configuration list for PBXNativeTarget "MovieDBFavSwiftUI" */;
			buildPhases = (
				3DFFB06D2BE532B6008D71CC /* Sources */,
				3DFFB06E2BE532B6008D71CC /* Frameworks */,
				3DFFB06F2BE532B6008D71CC /* Resources */,
			);
			buildRules = (
			);
			dependencies = (
			);
			name = MovieDBFavSwiftUI;
			productName = MovieDBFavSwiftUI;
			productReference = 3DFFB0712BE532B6008D71CC /* MovieDBFavSwiftUI.app */;
			productType = "com.apple.product-type.application";
		};
/* End PBXNativeTarget section */

/* Begin PBXProject section */
		3DFFB0692BE532B6008D71CC /* Project object */ = {
			isa = PBXProject;
			attributes = {
				BuildIndependentTargetsInParallel = 1;
				LastSwiftUpdateCheck = 1500;
				LastUpgradeCheck = 1500;
				TargetAttributes = {
					3DFFB0702BE532B6008D71CC = {
						CreatedOnToolsVersion = 15.0;
					};
				};
			};
			buildConfigurationList = 3DFFB06C2BE532B6008D71CC /* Build configuration list for PBXProject "MovieDBFavSwiftUI" */;
			compatibilityVersion = "Xcode 14.0";
			developmentRegion = en;
			hasScannedForEncodings = 0;
			knownRegions = (
				en,
				Base,
			);
			mainGroup = 3DFFB0682BE532B6008D71CC;
			productRefGroup = 3DFFB0722BE532B6008D71CC /* Products */;
			projectDirPath = "";
			projectRoot = "";
			targets = (
				3DFFB0702BE532B6008D71CC /* MovieDBFavSwiftUI */,
			);
		};
/* End PBXProject section */

/* Begin PBXResourcesBuildPhase section */
		3DFFB06F2BE532B6008D71CC /* Resources */ = {
			isa = PBXResourcesBuildPhase;
			buildActionMask = 2147483647;
			files = (
				3DFFB07C2BE532B8008D71CC /* Preview Assets.xcassets in Resources */,
				3DFFB0792BE532B8008D71CC /* Assets.xcassets in Resources */,
			);
			runOnlyForDeploymentPostprocessing = 0;
		};
/* End PBXResourcesBuildPhase section */

/* Begin PBXSourcesBuildPhase section */
		3DFFB06D2BE532B6008D71CC /* Sources */ = {
			isa = PBXSourcesBuildPhase;
			buildActionMask = 2147483647;
			files = (
				3DFFB0992BE56D37008D71CC /* NetworkManager.swift in Sources */,
				3DFFB09B2BE5735A008D71CC /* MovieListViewModel.swift in Sources */,
				3DFFB08D2BE55234008D71CC /* MovieDetailView.swift in Sources */,
				3DFFB0A02BE57597008D71CC /* LoadingView.swift in Sources */,
				3DFFB0952BE56005008D71CC /* MovieListViewCell.swift in Sources */,
				3DFFB08B2BE55222008D71CC /* FavoriteMovieListView.swift in Sources */,
				3DFFB0772BE532B6008D71CC /* MovieDBTabView.swift in Sources */,
				3DFFB0892BE551CF008D71CC /* MovieListView.swift in Sources */,
				3DFFB0AB2BE65A9A008D71CC /* NoMoviesFound.swift in Sources */,
				3DFFB0B52BE68401008D71CC /* Genre.swift in Sources */,
				3DFFB0752BE532B6008D71CC /* MovieDBFavSwiftUIApp.swift in Sources */,
				3DFFB0932BE55BCF008D71CC /* Date+Ext.swift in Sources */,
				3DFFB0872BE54ED3008D71CC /* Movie.swift in Sources */,
				3DFFB0B02BE665B8008D71CC /* MovieDetailViewModel.swift in Sources */,
				3DFFB0B32BE66A88008D71CC /* PosterImageView.swift in Sources */,
				3DFFB0AE2BE661D9008D71CC /* LogoImageView.swift in Sources */,
				3DFFB0B72BE69160008D71CC /* PersistenceManager.swift in Sources */,
				3DFFB0A62BE57CBE008D71CC /* AlertItem.swift in Sources */,
				3DFFB0A42BE5764A008D71CC /* EmptyStateView.swift in Sources */,
			);
			runOnlyForDeploymentPostprocessing = 0;
		};
/* End PBXSourcesBuildPhase section */

/* Begin XCBuildConfiguration section */
		3DFFB07D2BE532B8008D71CC /* Debug */ = {
			isa = XCBuildConfiguration;
			buildSettings = {
				ALWAYS_SEARCH_USER_PATHS = NO;
				ASSETCATALOG_COMPILER_GENERATE_SWIFT_ASSET_SYMBOL_EXTENSIONS = YES;
				CLANG_ANALYZER_NONNULL = YES;
				CLANG_ANALYZER_NUMBER_OBJECT_CONVERSION = YES_AGGRESSIVE;
				CLANG_CXX_LANGUAGE_STANDARD = "gnu++20";
				CLANG_ENABLE_MODULES = YES;
				CLANG_ENABLE_OBJC_ARC = YES;
				CLANG_ENABLE_OBJC_WEAK = YES;
				CLANG_WARN_BLOCK_CAPTURE_AUTORELEASING = YES;
				CLANG_WARN_BOOL_CONVERSION = YES;
				CLANG_WARN_COMMA = YES;
				CLANG_WARN_CONSTANT_CONVERSION = YES;
				CLANG_WARN_DEPRECATED_OBJC_IMPLEMENTATIONS = YES;
				CLANG_WARN_DIRECT_OBJC_ISA_USAGE = YES_ERROR;
				CLANG_WARN_DOCUMENTATION_COMMENTS = YES;
				CLANG_WARN_EMPTY_BODY = YES;
				CLANG_WARN_ENUM_CONVERSION = YES;
				CLANG_WARN_INFINITE_RECURSION = YES;
				CLANG_WARN_INT_CONVERSION = YES;
				CLANG_WARN_NON_LITERAL_NULL_CONVERSION = YES;
				CLANG_WARN_OBJC_IMPLICIT_RETAIN_SELF = YES;
				CLANG_WARN_OBJC_LITERAL_CONVERSION = YES;
				CLANG_WARN_OBJC_ROOT_CLASS = YES_ERROR;
				CLANG_WARN_QUOTED_INCLUDE_IN_FRAMEWORK_HEADER = YES;
				CLANG_WARN_RANGE_LOOP_ANALYSIS = YES;
				CLANG_WARN_STRICT_PROTOTYPES = YES;
				CLANG_WARN_SUSPICIOUS_MOVE = YES;
				CLANG_WARN_UNGUARDED_AVAILABILITY = YES_AGGRESSIVE;
				CLANG_WARN_UNREACHABLE_CODE = YES;
				CLANG_WARN__DUPLICATE_METHOD_MATCH = YES;
				COPY_PHASE_STRIP = NO;
				DEBUG_INFORMATION_FORMAT = dwarf;
				ENABLE_STRICT_OBJC_MSGSEND = YES;
				ENABLE_TESTABILITY = YES;
				ENABLE_USER_SCRIPT_SANDBOXING = YES;
				GCC_C_LANGUAGE_STANDARD = gnu17;
				GCC_DYNAMIC_NO_PIC = NO;
				GCC_NO_COMMON_BLOCKS = YES;
				GCC_OPTIMIZATION_LEVEL = 0;
				GCC_PREPROCESSOR_DEFINITIONS = (
					"DEBUG=1",
					"$(inherited)",
				);
				GCC_WARN_64_TO_32_BIT_CONVERSION = YES;
				GCC_WARN_ABOUT_RETURN_TYPE = YES_ERROR;
				GCC_WARN_UNDECLARED_SELECTOR = YES;
				GCC_WARN_UNINITIALIZED_AUTOS = YES_AGGRESSIVE;
				GCC_WARN_UNUSED_FUNCTION = YES;
				GCC_WARN_UNUSED_VARIABLE = YES;
				IPHONEOS_DEPLOYMENT_TARGET = 17.0;
				LOCALIZATION_PREFERS_STRING_CATALOGS = YES;
				MTL_ENABLE_DEBUG_INFO = INCLUDE_SOURCE;
				MTL_FAST_MATH = YES;
				ONLY_ACTIVE_ARCH = YES;
				SDKROOT = iphoneos;
				SWIFT_ACTIVE_COMPILATION_CONDITIONS = "DEBUG $(inherited)";
				SWIFT_OPTIMIZATION_LEVEL = "-Onone";
			};
			name = Debug;
		};
		3DFFB07E2BE532B8008D71CC /* Release */ = {
			isa = XCBuildConfiguration;
			buildSettings = {
				ALWAYS_SEARCH_USER_PATHS = NO;
				ASSETCATALOG_COMPILER_GENERATE_SWIFT_ASSET_SYMBOL_EXTENSIONS = YES;
				CLANG_ANALYZER_NONNULL = YES;
				CLANG_ANALYZER_NUMBER_OBJECT_CONVERSION = YES_AGGRESSIVE;
				CLANG_CXX_LANGUAGE_STANDARD = "gnu++20";
				CLANG_ENABLE_MODULES = YES;
				CLANG_ENABLE_OBJC_ARC = YES;
				CLANG_ENABLE_OBJC_WEAK = YES;
				CLANG_WARN_BLOCK_CAPTURE_AUTORELEASING = YES;
				CLANG_WARN_BOOL_CONVERSION = YES;
				CLANG_WARN_COMMA = YES;
				CLANG_WARN_CONSTANT_CONVERSION = YES;
				CLANG_WARN_DEPRECATED_OBJC_IMPLEMENTATIONS = YES;
				CLANG_WARN_DIRECT_OBJC_ISA_USAGE = YES_ERROR;
				CLANG_WARN_DOCUMENTATION_COMMENTS = YES;
				CLANG_WARN_EMPTY_BODY = YES;
				CLANG_WARN_ENUM_CONVERSION = YES;
				CLANG_WARN_INFINITE_RECURSION = YES;
				CLANG_WARN_INT_CONVERSION = YES;
				CLANG_WARN_NON_LITERAL_NULL_CONVERSION = YES;
				CLANG_WARN_OBJC_IMPLICIT_RETAIN_SELF = YES;
				CLANG_WARN_OBJC_LITERAL_CONVERSION = YES;
				CLANG_WARN_OBJC_ROOT_CLASS = YES_ERROR;
				CLANG_WARN_QUOTED_INCLUDE_IN_FRAMEWORK_HEADER = YES;
				CLANG_WARN_RANGE_LOOP_ANALYSIS = YES;
				CLANG_WARN_STRICT_PROTOTYPES = YES;
				CLANG_WARN_SUSPICIOUS_MOVE = YES;
				CLANG_WARN_UNGUARDED_AVAILABILITY = YES_AGGRESSIVE;
				CLANG_WARN_UNREACHABLE_CODE = YES;
				CLANG_WARN__DUPLICATE_METHOD_MATCH = YES;
				COPY_PHASE_STRIP = NO;
				DEBUG_INFORMATION_FORMAT = "dwarf-with-dsym";
				ENABLE_NS_ASSERTIONS = NO;
				ENABLE_STRICT_OBJC_MSGSEND = YES;
				ENABLE_USER_SCRIPT_SANDBOXING = YES;
				GCC_C_LANGUAGE_STANDARD = gnu17;
				GCC_NO_COMMON_BLOCKS = YES;
				GCC_WARN_64_TO_32_BIT_CONVERSION = YES;
				GCC_WARN_ABOUT_RETURN_TYPE = YES_ERROR;
				GCC_WARN_UNDECLARED_SELECTOR = YES;
				GCC_WARN_UNINITIALIZED_AUTOS = YES_AGGRESSIVE;
				GCC_WARN_UNUSED_FUNCTION = YES;
				GCC_WARN_UNUSED_VARIABLE = YES;
				IPHONEOS_DEPLOYMENT_TARGET = 17.0;
				LOCALIZATION_PREFERS_STRING_CATALOGS = YES;
				MTL_ENABLE_DEBUG_INFO = NO;
				MTL_FAST_MATH = YES;
				SDKROOT = iphoneos;
				SWIFT_COMPILATION_MODE = wholemodule;
				VALIDATE_PRODUCT = YES;
			};
			name = Release;
		};
		3DFFB0802BE532B8008D71CC /* Debug */ = {
			isa = XCBuildConfiguration;
			buildSettings = {
				ASSETCATALOG_COMPILER_APPICON_NAME = AppIcon;
				ASSETCATALOG_COMPILER_GLOBAL_ACCENT_COLOR_NAME = AccentColor;
				CODE_SIGN_STYLE = Automatic;
				CURRENT_PROJECT_VERSION = 1;
				DEVELOPMENT_ASSET_PATHS = "\"MovieDBFavSwiftUI/Preview Content\"";
				DEVELOPMENT_TEAM = 68CMYQWY48;
				ENABLE_PREVIEWS = YES;
				GENERATE_INFOPLIST_FILE = YES;
				INFOPLIST_KEY_UIApplicationSceneManifest_Generation = YES;
				INFOPLIST_KEY_UIApplicationSupportsIndirectInputEvents = YES;
				INFOPLIST_KEY_UILaunchScreen_Generation = YES;
				INFOPLIST_KEY_UISupportedInterfaceOrientations_iPad = "UIInterfaceOrientationPortrait UIInterfaceOrientationPortraitUpsideDown UIInterfaceOrientationLandscapeLeft UIInterfaceOrientationLandscapeRight";
				INFOPLIST_KEY_UISupportedInterfaceOrientations_iPhone = "UIInterfaceOrientationPortrait UIInterfaceOrientationLandscapeLeft UIInterfaceOrientationLandscapeRight";
				LD_RUNPATH_SEARCH_PATHS = (
					"$(inherited)",
					"@executable_path/Frameworks",
				);
				MARKETING_VERSION = 1.0;
				PRODUCT_BUNDLE_IDENTIFIER = RBC.MovieDBFavSwiftUI;
				PRODUCT_NAME = "$(TARGET_NAME)";
				SWIFT_EMIT_LOC_STRINGS = YES;
				SWIFT_VERSION = 5.0;
				TARGETED_DEVICE_FAMILY = "1,2";
			};
			name = Debug;
		};
		3DFFB0812BE532B8008D71CC /* Release */ = {
			isa = XCBuildConfiguration;
			buildSettings = {
				ASSETCATALOG_COMPILER_APPICON_NAME = AppIcon;
				ASSETCATALOG_COMPILER_GLOBAL_ACCENT_COLOR_NAME = AccentColor;
				CODE_SIGN_STYLE = Automatic;
				CURRENT_PROJECT_VERSION = 1;
				DEVELOPMENT_ASSET_PATHS = "\"MovieDBFavSwiftUI/Preview Content\"";
				DEVELOPMENT_TEAM = 68CMYQWY48;
				ENABLE_PREVIEWS = YES;
				GENERATE_INFOPLIST_FILE = YES;
				INFOPLIST_KEY_UIApplicationSceneManifest_Generation = YES;
				INFOPLIST_KEY_UIApplicationSupportsIndirectInputEvents = YES;
				INFOPLIST_KEY_UILaunchScreen_Generation = YES;
				INFOPLIST_KEY_UISupportedInterfaceOrientations_iPad = "UIInterfaceOrientationPortrait UIInterfaceOrientationPortraitUpsideDown UIInterfaceOrientationLandscapeLeft UIInterfaceOrientationLandscapeRight";
				INFOPLIST_KEY_UISupportedInterfaceOrientations_iPhone = "UIInterfaceOrientationPortrait UIInterfaceOrientationLandscapeLeft UIInterfaceOrientationLandscapeRight";
				LD_RUNPATH_SEARCH_PATHS = (
					"$(inherited)",
					"@executable_path/Frameworks",
				);
				MARKETING_VERSION = 1.0;
				PRODUCT_BUNDLE_IDENTIFIER = RBC.MovieDBFavSwiftUI;
				PRODUCT_NAME = "$(TARGET_NAME)";
				SWIFT_EMIT_LOC_STRINGS = YES;
				SWIFT_VERSION = 5.0;
				TARGETED_DEVICE_FAMILY = "1,2";
			};
			name = Release;
		};
/* End XCBuildConfiguration section */

/* Begin XCConfigurationList section */
		3DFFB06C2BE532B6008D71CC /* Build configuration list for PBXProject "MovieDBFavSwiftUI" */ = {
			isa = XCConfigurationList;
			buildConfigurations = (
				3DFFB07D2BE532B8008D71CC /* Debug */,
				3DFFB07E2BE532B8008D71CC /* Release */,
			);
			defaultConfigurationIsVisible = 0;
			defaultConfigurationName = Release;
		};
		3DFFB07F2BE532B8008D71CC /* Build configuration list for PBXNativeTarget "MovieDBFavSwiftUI" */ = {
			isa = XCConfigurationList;
			buildConfigurations = (
				3DFFB0802BE532B8008D71CC /* Debug */,
				3DFFB0812BE532B8008D71CC /* Release */,
			);
			defaultConfigurationIsVisible = 0;
			defaultConfigurationName = Release;
		};
/* End XCConfigurationList section */
	};
	rootObject = 3DFFB0692BE532B6008D71CC /* Project object */;
}
